
Microsoft Visual Studio Solution File, Format Version 11.00
# Visual Studio 2010
Project("{8BC9CEB8-8B4A-11D0-8D11-00A0C91BC942}") = "Python.Engine", "python_engine\engine.vcxproj", "{F4C47C1B-F515-4EF3-80E3-4A83EA47C9BA}"
EndProject
Project("{8BC9CEB8-8B4A-11D0-8D11-00A0C91BC942}") = "Python.Namespace", "python_namespace\name_space.vcxproj", "{339455B8-36B5-4D19-B8CB-6435672CB069}"
EndProject
Project("{8BC9CEB8-8B4A-11D0-8D11-00A0C91BC942}") = "Python.Advert", "python_advert\advert.vcxproj", "{DFCE40E7-D807-459C-A21A-80E940012C40}"
EndProject
Project("{8BC9CEB8-8B4A-11D0-8D11-00A0C91BC942}") = "Python.Cpr", "python_cpr\cpr.vcxproj", "{1B376D3D-9DDE-4E84-B312-A96FA9E7B617}"
EndProject
Project("{8BC9CEB8-8B4A-11D0-8D11-00A0C91BC942}") = "Python.File", "python_file\file.vcxproj", "{591A597B-37A3-4106-BFB3-A76B61C257E6}"
EndProject
Project("{8BC9CEB8-8B4A-11D0-8D11-00A0C91BC942}") = "Python.Job", "python_job\job.vcxproj", "{07764437-69E8-4E53-9709-8D1589FC34AC}"
EndProject
Project("{8BC9CEB8-8B4A-11D0-8D11-00A0C91BC942}") = "Python.Replica", "python_replica\replica.vcxproj", "{3C2A52F8-DE84-46B5-800B-96190670EC38}"
EndProject
Project("{8BC9CEB8-8B4A-11D0-8D11-00A0C91BC942}") = "Python.Sd", "python_sd\sd.vcxproj", "{CA2B48F9-844F-4597-AD96-0CB1CF0B8576}"
EndProject
Project("{8BC9CEB8-8B4A-11D0-8D11-00A0C91BC942}") = "Python.Stream", "python_stream\stream.vcxproj", "{65C4C33D-E1AB-476C-9803-4E5E10998073}"
EndProject
Project("{2150E333-8FDC-42A3-9474-1A3956D46DE8}") = "Python Packages", "Python Packages", "{7E31EB03-33D6-4E31-909C-8DCF9964E1FA}"
EndProject
Global
	GlobalSection(SolutionConfigurationPlatforms) = preSolution
		Debug Lib|Win32 = Debug Lib|Win32
		Debug|Win32 = Debug|Win32
		Release Lib|Win32 = Release Lib|Win32
		Release|Win32 = Release|Win32
		Template|Win32 = Template|Win32
	EndGlobalSection
	GlobalSection(ProjectConfigurationPlatforms) = postSolution
		{F4C47C1B-F515-4EF3-80E3-4A83EA47C9BA}.Debug Lib|Win32.ActiveCfg = Debug Lib|Win32
		{F4C47C1B-F515-4EF3-80E3-4A83EA47C9BA}.Debug Lib|Win32.Build.0 = Debug Lib|Win32
		{F4C47C1B-F515-4EF3-80E3-4A83EA47C9BA}.Debug|Win32.ActiveCfg = Debug|Win32
		{F4C47C1B-F515-4EF3-80E3-4A83EA47C9BA}.Debug|Win32.Build.0 = Debug|Win32
		{F4C47C1B-F515-4EF3-80E3-4A83EA47C9BA}.Release Lib|Win32.ActiveCfg = Release Lib|Win32
		{F4C47C1B-F515-4EF3-80E3-4A83EA47C9BA}.Release Lib|Win32.Build.0 = Release Lib|Win32
		{F4C47C1B-F515-4EF3-80E3-4A83EA47C9BA}.Release|Win32.ActiveCfg = Release|Win32
		{F4C47C1B-F515-4EF3-80E3-4A83EA47C9BA}.Release|Win32.Build.0 = Release|Win32
		{F4C47C1B-F515-4EF3-80E3-4A83EA47C9BA}.Template|Win32.ActiveCfg = Template|Win32
		{F4C47C1B-F515-4EF3-80E3-4A83EA47C9BA}.Template|Win32.Build.0 = Template|Win32
		{339455B8-36B5-4D19-B8CB-6435672CB069}.Debug Lib|Win32.ActiveCfg = Debug Lib|Win32
		{339455B8-36B5-4D19-B8CB-6435672CB069}.Debug Lib|Win32.Build.0 = Debug Lib|Win32
		{339455B8-36B5-4D19-B8CB-6435672CB069}.Debug|Win32.ActiveCfg = Debug|Win32
		{339455B8-36B5-4D19-B8CB-6435672CB069}.Debug|Win32.Build.0 = Debug|Win32
		{339455B8-36B5-4D19-B8CB-6435672CB069}.Release Lib|Win32.ActiveCfg = Release Lib|Win32
		{339455B8-36B5-4D19-B8CB-6435672CB069}.Release Lib|Win32.Build.0 = Release Lib|Win32
		{339455B8-36B5-4D19-B8CB-6435672CB069}.Release|Win32.ActiveCfg = Release|Win32
		{339455B8-36B5-4D19-B8CB-6435672CB069}.Release|Win32.Build.0 = Release|Win32
		{339455B8-36B5-4D19-B8CB-6435672CB069}.Template|Win32.ActiveCfg = Release|Win32
		{339455B8-36B5-4D19-B8CB-6435672CB069}.Template|Win32.Build.0 = Release|Win32
		{DFCE40E7-D807-459C-A21A-80E940012C40}.Debug Lib|Win32.ActiveCfg = Debug Lib|Win32
		{DFCE40E7-D807-459C-A21A-80E940012C40}.Debug Lib|Win32.Build.0 = Debug Lib|Win32
		{DFCE40E7-D807-459C-A21A-80E940012C40}.Debug|Win32.ActiveCfg = Debug|Win32
		{DFCE40E7-D807-459C-A21A-80E940012C40}.Debug|Win32.Build.0 = Debug|Win32
		{DFCE40E7-D807-459C-A21A-80E940012C40}.Release Lib|Win32.ActiveCfg = Release Lib|Win32
		{DFCE40E7-D807-459C-A21A-80E940012C40}.Release Lib|Win32.Build.0 = Release Lib|Win32
		{DFCE40E7-D807-459C-A21A-80E940012C40}.Release|Win32.ActiveCfg = Release|Win32
		{DFCE40E7-D807-459C-A21A-80E940012C40}.Release|Win32.Build.0 = Release|Win32
		{DFCE40E7-D807-459C-A21A-80E940012C40}.Template|Win32.ActiveCfg = Release|Win32
		{DFCE40E7-D807-459C-A21A-80E940012C40}.Template|Win32.Build.0 = Release|Win32
		{1B376D3D-9DDE-4E84-B312-A96FA9E7B617}.Debug Lib|Win32.ActiveCfg = Debug Lib|Win32
		{1B376D3D-9DDE-4E84-B312-A96FA9E7B617}.Debug Lib|Win32.Build.0 = Debug Lib|Win32
		{1B376D3D-9DDE-4E84-B312-A96FA9E7B617}.Debug|Win32.ActiveCfg = Debug|Win32
		{1B376D3D-9DDE-4E84-B312-A96FA9E7B617}.Debug|Win32.Build.0 = Debug|Win32
		{1B376D3D-9DDE-4E84-B312-A96FA9E7B617}.Release Lib|Win32.ActiveCfg = Release Lib|Win32
		{1B376D3D-9DDE-4E84-B312-A96FA9E7B617}.Release Lib|Win32.Build.0 = Release Lib|Win32
		{1B376D3D-9DDE-4E84-B312-A96FA9E7B617}.Release|Win32.ActiveCfg = Release|Win32
		{1B376D3D-9DDE-4E84-B312-A96FA9E7B617}.Release|Win32.Build.0 = Release|Win32
		{1B376D3D-9DDE-4E84-B312-A96FA9E7B617}.Template|Win32.ActiveCfg = Release|Win32
		{1B376D3D-9DDE-4E84-B312-A96FA9E7B617}.Template|Win32.Build.0 = Release|Win32
		{591A597B-37A3-4106-BFB3-A76B61C257E6}.Debug Lib|Win32.ActiveCfg = Debug Lib|Win32
		{591A597B-37A3-4106-BFB3-A76B61C257E6}.Debug Lib|Win32.Build.0 = Debug Lib|Win32
		{591A597B-37A3-4106-BFB3-A76B61C257E6}.Debug|Win32.ActiveCfg = Debug|Win32
		{591A597B-37A3-4106-BFB3-A76B61C257E6}.Debug|Win32.Build.0 = Debug|Win32
		{591A597B-37A3-4106-BFB3-A76B61C257E6}.Release Lib|Win32.ActiveCfg = Release Lib|Win32
		{591A597B-37A3-4106-BFB3-A76B61C257E6}.Release Lib|Win32.Build.0 = Release Lib|Win32
		{591A597B-37A3-4106-BFB3-A76B61C257E6}.Release|Win32.ActiveCfg = Release|Win32
		{591A597B-37A3-4106-BFB3-A76B61C257E6}.Release|Win32.Build.0 = Release|Win32
		{591A597B-37A3-4106-BFB3-A76B61C257E6}.Template|Win32.ActiveCfg = Release|Win32
		{591A597B-37A3-4106-BFB3-A76B61C257E6}.Template|Win32.Build.0 = Release|Win32
		{07764437-69E8-4E53-9709-8D1589FC34AC}.Debug Lib|Win32.ActiveCfg = Debug Lib|Win32
		{07764437-69E8-4E53-9709-8D1589FC34AC}.Debug Lib|Win32.Build.0 = Debug Lib|Win32
		{07764437-69E8-4E53-9709-8D1589FC34AC}.Debug|Win32.ActiveCfg = Debug|Win32
		{07764437-69E8-4E53-9709-8D1589FC34AC}.Debug|Win32.Build.0 = Debug|Win32
		{07764437-69E8-4E53-9709-8D1589FC34AC}.Release Lib|Win32.ActiveCfg = Release Lib|Win32
		{07764437-69E8-4E53-9709-8D1589FC34AC}.Release Lib|Win32.Build.0 = Release Lib|Win32
		{07764437-69E8-4E53-9709-8D1589FC34AC}.Release|Win32.ActiveCfg = Release|Win32
		{07764437-69E8-4E53-9709-8D1589FC34AC}.Release|Win32.Build.0 = Release|Win32
		{07764437-69E8-4E53-9709-8D1589FC34AC}.Template|Win32.ActiveCfg = Release|Win32
		{07764437-69E8-4E53-9709-8D1589FC34AC}.Template|Win32.Build.0 = Release|Win32
		{3C2A52F8-DE84-46B5-800B-96190670EC38}.Debug Lib|Win32.ActiveCfg = Debug Lib|Win32
		{3C2A52F8-DE84-46B5-800B-96190670EC38}.Debug Lib|Win32.Build.0 = Debug Lib|Win32
		{3C2A52F8-DE84-46B5-800B-96190670EC38}.Debug|Win32.ActiveCfg = Debug|Win32
		{3C2A52F8-DE84-46B5-800B-96190670EC38}.Debug|Win32.Build.0 = Debug|Win32
		{3C2A52F8-DE84-46B5-800B-96190670EC38}.Release Lib|Win32.ActiveCfg = Release Lib|Win32
		{3C2A52F8-DE84-46B5-800B-96190670EC38}.Release Lib|Win32.Build.0 = Release Lib|Win32
		{3C2A52F8-DE84-46B5-800B-96190670EC38}.Release|Win32.ActiveCfg = Release|Win32
		{3C2A52F8-DE84-46B5-800B-96190670EC38}.Release|Win32.Build.0 = Release|Win32
		{3C2A52F8-DE84-46B5-800B-96190670EC38}.Template|Win32.ActiveCfg = Release|Win32
		{3C2A52F8-DE84-46B5-800B-96190670EC38}.Template|Win32.Build.0 = Release|Win32
		{CA2B48F9-844F-4597-AD96-0CB1CF0B8576}.Debug Lib|Win32.ActiveCfg = Debug|Win32
		{CA2B48F9-844F-4597-AD96-0CB1CF0B8576}.Debug Lib|Win32.Build.0 = Debug|Win32
		{CA2B48F9-844F-4597-AD96-0CB1CF0B8576}.Debug|Win32.ActiveCfg = Debug|Win32
		{CA2B48F9-844F-4597-AD96-0CB1CF0B8576}.Debug|Win32.Build.0 = Debug|Win32
		{CA2B48F9-844F-4597-AD96-0CB1CF0B8576}.Release Lib|Win32.ActiveCfg = Release|Win32
		{CA2B48F9-844F-4597-AD96-0CB1CF0B8576}.Release Lib|Win32.Build.0 = Release|Win32
		{CA2B48F9-844F-4597-AD96-0CB1CF0B8576}.Release|Win32.ActiveCfg = Release|Win32
		{CA2B48F9-844F-4597-AD96-0CB1CF0B8576}.Release|Win32.Build.0 = Release|Win32
		{CA2B48F9-844F-4597-AD96-0CB1CF0B8576}.Template|Win32.ActiveCfg = Release|Win32
		{CA2B48F9-844F-4597-AD96-0CB1CF0B8576}.Template|Win32.Build.0 = Release|Win32
		{65C4C33D-E1AB-476C-9803-4E5E10998073}.Debug Lib|Win32.ActiveCfg = Debug|Win32
		{65C4C33D-E1AB-476C-9803-4E5E10998073}.Debug Lib|Win32.Build.0 = Debug|Win32
		{65C4C33D-E1AB-476C-9803-4E5E10998073}.Debug|Win32.ActiveCfg = Debug|Win32
		{65C4C33D-E1AB-476C-9803-4E5E10998073}.Debug|Win32.Build.0 = Debug|Win32
		{65C4C33D-E1AB-476C-9803-4E5E10998073}.Release Lib|Win32.ActiveCfg = Release|Win32
		{65C4C33D-E1AB-476C-9803-4E5E10998073}.Release Lib|Win32.Build.0 = Release|Win32
		{65C4C33D-E1AB-476C-9803-4E5E10998073}.Release|Win32.ActiveCfg = Release|Win32
		{65C4C33D-E1AB-476C-9803-4E5E10998073}.Release|Win32.Build.0 = Release|Win32
		{65C4C33D-E1AB-476C-9803-4E5E10998073}.Template|Win32.ActiveCfg = Release|Win32
		{65C4C33D-E1AB-476C-9803-4E5E10998073}.Template|Win32.Build.0 = Release|Win32
	EndGlobalSection
	GlobalSection(SolutionProperties) = preSolution
		HideSolutionNode = FALSE
	EndGlobalSection
	GlobalSection(NestedProjects) = preSolution
		{DFCE40E7-D807-459C-A21A-80E940012C40} = {7E31EB03-33D6-4E31-909C-8DCF9964E1FA}
		{1B376D3D-9DDE-4E84-B312-A96FA9E7B617} = {7E31EB03-33D6-4E31-909C-8DCF9964E1FA}
		{591A597B-37A3-4106-BFB3-A76B61C257E6} = {7E31EB03-33D6-4E31-909C-8DCF9964E1FA}
		{65C4C33D-E1AB-476C-9803-4E5E10998073} = {7E31EB03-33D6-4E31-909C-8DCF9964E1FA}
		{07764437-69E8-4E53-9709-8D1589FC34AC} = {7E31EB03-33D6-4E31-909C-8DCF9964E1FA}
		{339455B8-36B5-4D19-B8CB-6435672CB069} = {7E31EB03-33D6-4E31-909C-8DCF9964E1FA}
		{3C2A52F8-DE84-46B5-800B-96190670EC38} = {7E31EB03-33D6-4E31-909C-8DCF9964E1FA}
		{CA2B48F9-844F-4597-AD96-0CB1CF0B8576} = {7E31EB03-33D6-4E31-909C-8DCF9964E1FA}
	EndGlobalSection
EndGlobal
